// !$*UTF8*$!
{
	archiveVersion = 1;
	classes = {
	};
	objectVersion = 55;
	objects = {

/* Begin PBXBuildFile section */
		D3A8557C2B4250930023607D /* AppDelegate.swift in Sources */ = {isa = PBXBuildFile; fileRef = D3A8557B2B4250930023607D /* AppDelegate.swift */; };
		D3A8557E2B4250930023607D /* SceneDelegate.swift in Sources */ = {isa = PBXBuildFile; fileRef = D3A8557D2B4250930023607D /* SceneDelegate.swift */; };
		D3A855802B4250930023607D /* ViewController.swift in Sources */ = {isa = PBXBuildFile; fileRef = D3A8557F2B4250930023607D /* ViewController.swift */; };
		D3A855852B4250940023607D /* Assets.xcassets in Resources */ = {isa = PBXBuildFile; fileRef = D3A855842B4250940023607D /* Assets.xcassets */; };
		D3A855882B4250940023607D /* LaunchScreen.storyboard in Resources */ = {isa = PBXBuildFile; fileRef = D3A855862B4250940023607D /* LaunchScreen.storyboard */; };
		D3A855902B4250A30023607D /* HomePageViewController.swift in Sources */ = {isa = PBXBuildFile; fileRef = D3A8558F2B4250A30023607D /* HomePageViewController.swift */; };
		D3A855922B4250A70023607D /* LevelPageViewController.swift in Sources */ = {isa = PBXBuildFile; fileRef = D3A855912B4250A70023607D /* LevelPageViewController.swift */; };
		D3A855942B4250AB0023607D /* Main.storyboard in Resources */ = {isa = PBXBuildFile; fileRef = D3A855932B4250AB0023607D /* Main.storyboard */; };
		D3AEF2722B42556000A27A6A /* EsayLevelViewController.swift in Sources */ = {isa = PBXBuildFile; fileRef = D3AEF2712B42556000A27A6A /* EsayLevelViewController.swift */; };
		D3AEF2762B4255CD00A27A6A /* MidiumLevelViewController.swift in Sources */ = {isa = PBXBuildFile; fileRef = D3AEF2752B4255CD00A27A6A /* MidiumLevelViewController.swift */; };
		D3AEF2782B4255DE00A27A6A /* HardLeavelViewController.swift in Sources */ = {isa = PBXBuildFile; fileRef = D3AEF2772B4255DE00A27A6A /* HardLeavelViewController.swift */; };
/* End PBXBuildFile section */

/* Begin PBXFileReference section */
		D3A855782B4250930023607D /* Game.app */ = {isa = PBXFileReference; explicitFileType = wrapper.application; includeInIndex = 0; path = Game.app; sourceTree = BUILT_PRODUCTS_DIR; };
		D3A8557B2B4250930023607D /* AppDelegate.swift */ = {isa = PBXFileReference; lastKnownFileType = sourcecode.swift; path = AppDelegate.swift; sourceTree = "<group>"; };
		D3A8557D2B4250930023607D /* SceneDelegate.swift */ = {isa = PBXFileReference; lastKnownFileType = sourcecode.swift; path = SceneDelegate.swift; sourceTree = "<group>"; };
		D3A8557F2B4250930023607D /* ViewController.swift */ = {isa = PBXFileReference; lastKnownFileType = sourcecode.swift; path = ViewController.swift; sourceTree = "<group>"; };
		D3A855842B4250940023607D /* Assets.xcassets */ = {isa = PBXFileReference; lastKnownFileType = folder.assetcatalog; path = Assets.xcassets; sourceTree = "<group>"; };
		D3A855872B4250940023607D /* Base */ = {isa = PBXFileReference; lastKnownFileType = file.storyboard; name = Base; path = Base.lproj/LaunchScreen.storyboard; sourceTree = "<group>"; };
		D3A855892B4250940023607D /* Info.plist */ = {isa = PBXFileReference; lastKnownFileType = text.plist.xml; path = Info.plist; sourceTree = "<group>"; };
		D3A8558F2B4250A30023607D /* HomePageViewController.swift */ = {isa = PBXFileReference; fileEncoding = 4; lastKnownFileType = sourcecode.swift; path = HomePageViewController.swift; sourceTree = "<group>"; };
		D3A855912B4250A70023607D /* LevelPageViewController.swift */ = {isa = PBXFileReference; fileEncoding = 4; lastKnownFileType = sourcecode.swift; path = LevelPageViewController.swift; sourceTree = "<group>"; };
		D3A855932B4250AB0023607D /* Main.storyboard */ = {isa = PBXFileReference; fileEncoding = 4; lastKnownFileType = file.storyboard; path = Main.storyboard; sourceTree = "<group>"; };
		D3AEF2712B42556000A27A6A /* EsayLevelViewController.swift */ = {isa = PBXFileReference; lastKnownFileType = sourcecode.swift; path = EsayLevelViewController.swift; sourceTree = "<group>"; };
		D3AEF2752B4255CD00A27A6A /* MidiumLevelViewController.swift */ = {isa = PBXFileReference; lastKnownFileType = sourcecode.swift; path = MidiumLevelViewController.swift; sourceTree = "<group>"; };
		D3AEF2772B4255DE00A27A6A /* HardLeavelViewController.swift */ = {isa = PBXFileReference; lastKnownFileType = sourcecode.swift; path = HardLeavelViewController.swift; sourceTree = "<group>"; };
/* End PBXFileReference section */

/* Begin PBXFrameworksBuildPhase section */
		D3A855752B4250930023607D /* Frameworks */ = {
			isa = PBXFrameworksBuildPhase;
			buildActionMask = 2147483647;
			files = (
			);
			runOnlyForDeploymentPostprocessing = 0;
		};
/* End PBXFrameworksBuildPhase section */

/* Begin PBXGroup section */
		D3A8556F2B4250930023607D = {
			isa = PBXGroup;
			children = (
				D3A8557A2B4250930023607D /* Game */,
				D3A855792B4250930023607D /* Products */,
			);
			sourceTree = "<group>";
		};
		D3A855792B4250930023607D /* Products */ = {
			isa = PBXGroup;
			children = (
				D3A855782B4250930023607D /* Game.app */,
			);
			name = Products;
			sourceTree = "<group>";
		};
		D3A8557A2B4250930023607D /* Game */ = {
			isa = PBXGroup;
			children = (
				D3A8557B2B4250930023607D /* AppDelegate.swift */,
				D3A8557D2B4250930023607D /* SceneDelegate.swift */,
				D3A8557F2B4250930023607D /* ViewController.swift */,
				D3AEF26F2B42552000A27A6A /* Controlers */,
				D3A855932B4250AB0023607D /* Main.storyboard */,
				D3A855842B4250940023607D /* Assets.xcassets */,
				D3A855862B4250940023607D /* LaunchScreen.storyboard */,
				D3A855892B4250940023607D /* Info.plist */,
			);
			path = Game;
			sourceTree = "<group>";
		};
		D3AEF26F2B42552000A27A6A /* Controlers */ = {
			isa = PBXGroup;
			children = (
				D3A855912B4250A70023607D /* LevelPageViewController.swift */,
				D3A8558F2B4250A30023607D /* HomePageViewController.swift */,
				D3AEF2702B42553900A27A6A /* Levels File */,
			);
			path = Controlers;
			sourceTree = "<group>";
		};
		D3AEF2702B42553900A27A6A /* Levels File */ = {
			isa = PBXGroup;
			children = (
				D3AEF2712B42556000A27A6A /* EsayLevelViewController.swift */,
				D3AEF2752B4255CD00A27A6A /* MidiumLevelViewController.swift */,
				D3AEF2772B4255DE00A27A6A /* HardLeavelViewController.swift */,
			);
			path = "Levels File";
			sourceTree = "<group>";
		};
/* End PBXGroup section */

/* Begin PBXNativeTarget section */
		D3A855772B4250930023607D /* Game */ = {
			isa = PBXNativeTarget;
			buildConfigurationList = D3A8558C2B4250940023607D /* Build configuration list for PBXNativeTarget "Game" */;
			buildPhases = (
				D3A855742B4250930023607D /* Sources */,
				D3A855752B4250930023607D /* Frameworks */,
				D3A855762B4250930023607D /* Resources */,
			);
			buildRules = (
			);
			dependencies = (
			);
			name = Game;
			productName = Game;
			productReference = D3A855782B4250930023607D /* Game.app */;
			productType = "com.apple.product-type.application";
		};
/* End PBXNativeTarget section */

/* Begin PBXProject section */
		D3A855702B4250930023607D /* Project object */ = {
			isa = PBXProject;
			attributes = {
				BuildIndependentTargetsInParallel = 1;
				LastSwiftUpdateCheck = 1300;
				LastUpgradeCheck = 1300;
				TargetAttributes = {
					D3A855772B4250930023607D = {
						CreatedOnToolsVersion = 13.0;
					};
				};
			};
			buildConfigurationList = D3A855732B4250930023607D /* Build configuration list for PBXProject "Game" */;
			compatibilityVersion = "Xcode 13.0";
			developmentRegion = en;
			hasScannedForEncodings = 0;
			knownRegions = (
				en,
				Base,
			);
			mainGroup = D3A8556F2B4250930023607D;
			productRefGroup = D3A855792B4250930023607D /* Products */;
			projectDirPath = "";
			projectRoot = "";
			targets = (
				D3A855772B4250930023607D /* Game */,
			);
		};
/* End PBXProject section */

/* Begin PBXResourcesBuildPhase section */
		D3A855762B4250930023607D /* Resources */ = {
			isa = PBXResourcesBuildPhase;
			buildActionMask = 2147483647;
			files = (
				D3A855942B4250AB0023607D /* Main.storyboard in Resources */,
				D3A855882B4250940023607D /* LaunchScreen.storyboard in Resources */,
				D3A855852B4250940023607D /* Assets.xcassets in Resources */,
			);
			runOnlyForDeploymentPostprocessing = 0;
		};
/* End PBXResourcesBuildPhase section */

/* Begin PBXSourcesBuildPhase section */
		D3A855742B4250930023607D /* Sources */ = {
			isa = PBXSourcesBuildPhase;
			buildActionMask = 2147483647;
			files = (
				D3AEF2782B4255DE00A27A6A /* HardLeavelViewController.swift in Sources */,
				D3A855902B4250A30023607D /* HomePageViewController.swift in Sources */,
				D3AEF2762B4255CD00A27A6A /* MidiumLevelViewController.swift in Sources */,
				D3A855802B4250930023607D /* ViewController.swift in Sources */,
				D3A855922B4250A70023607D /* LevelPageViewController.swift in Sources */,
				D3AEF2722B42556000A27A6A /* EsayLevelViewController.swift in Sources */,
				D3A8557C2B4250930023607D /* AppDelegate.swift in Sources */,
				D3A8557E2B4250930023607D /* SceneDelegate.swift in Sources */,
			);
			runOnlyForDeploymentPostprocessing = 0;
		};
/* End PBXSourcesBuildPhase section */

/* Begin PBXVariantGroup section */
		D3A855862B4250940023607D /* LaunchScreen.storyboard */ = {
			isa = PBXVariantGroup;
			children = (
				D3A855872B4250940023607D /* Base */,
			);
			name = LaunchScreen.storyboard;
			sourceTree = "<group>";
		};
/* End PBXVariantGroup section */

/* Begin XCBuildConfiguration section */
		D3A8558A2B4250940023607D /* Debug */ = {
			isa = XCBuildConfiguration;
			buildSettings = {
				ALWAYS_SEARCH_USER_PATHS = NO;
				CLANG_ANALYZER_NONNULL = YES;
				CLANG_ANALYZER_NUMBER_OBJECT_CONVERSION = YES_AGGRESSIVE;
				CLANG_CXX_LANGUAGE_STANDARD = "gnu++17";
				CLANG_CXX_LIBRARY = "libc++";
				CLANG_ENABLE_MODULES = YES;
				CLANG_ENABLE_OBJC_ARC = YES;
				CLANG_ENABLE_OBJC_WEAK = YES;
				CLANG_WARN_BLOCK_CAPTURE_AUTORELEASING = YES;
				CLANG_WARN_BOOL_CONVERSION = YES;
				CLANG_WARN_COMMA = YES;
				CLANG_WARN_CONSTANT_CONVERSION = YES;
				CLANG_WARN_DEPRECATED_OBJC_IMPLEMENTATIONS = YES;
				CLANG_WARN_DIRECT_OBJC_ISA_USAGE = YES_ERROR;
				CLANG_WARN_DOCUMENTATION_COMMENTS = YES;
				CLANG_WARN_EMPTY_BODY = YES;
				CLANG_WARN_ENUM_CONVERSION = YES;
				CLANG_WARN_INFINITE_RECURSION = YES;
				CLANG_WARN_INT_CONVERSION = YES;
				CLANG_WARN_NON_LITERAL_NULL_CONVERSION = YES;
				CLANG_WARN_OBJC_IMPLICIT_RETAIN_SELF = YES;
				CLANG_WARN_OBJC_LITERAL_CONVERSION = YES;
				CLANG_WARN_OBJC_ROOT_CLASS = YES_ERROR;
				CLANG_WARN_QUOTED_INCLUDE_IN_FRAMEWORK_HEADER = YES;
				CLANG_WARN_RANGE_LOOP_ANALYSIS = YES;
				CLANG_WARN_STRICT_PROTOTYPES = YES;
				CLANG_WARN_SUSPICIOUS_MOVE = YES;
				CLANG_WARN_UNGUARDED_AVAILABILITY = YES_AGGRESSIVE;
				CLANG_WARN_UNREACHABLE_CODE = YES;
				CLANG_WARN__DUPLICATE_METHOD_MATCH = YES;
				COPY_PHASE_STRIP = NO;
				DEBUG_INFORMATION_FORMAT = dwarf;
				ENABLE_STRICT_OBJC_MSGSEND = YES;
				ENABLE_TESTABILITY = YES;
				GCC_C_LANGUAGE_STANDARD = gnu11;
				GCC_DYNAMIC_NO_PIC = NO;
				GCC_NO_COMMON_BLOCKS = YES;
				GCC_OPTIMIZATION_LEVEL = 0;
				GCC_PREPROCESSOR_DEFINITIONS = (
					"DEBUG=1",
					"$(inherited)",
				);
				GCC_WARN_64_TO_32_BIT_CONVERSION = YES;
				GCC_WARN_ABOUT_RETURN_TYPE = YES_ERROR;
				GCC_WARN_UNDECLARED_SELECTOR = YES;
				GCC_WARN_UNINITIALIZED_AUTOS = YES_AGGRESSIVE;
				GCC_WARN_UNUSED_FUNCTION = YES;
				GCC_WARN_UNUSED_VARIABLE = YES;
				IPHONEOS_DEPLOYMENT_TARGET = 15.0;
				MTL_ENABLE_DEBUG_INFO = INCLUDE_SOURCE;
				MTL_FAST_MATH = YES;
				ONLY_ACTIVE_ARCH = YES;
				SDKROOT = iphoneos;
				SWIFT_ACTIVE_COMPILATION_CONDITIONS = DEBUG;
				SWIFT_OPTIMIZATION_LEVEL = "-Onone";
			};
			name = Debug;
		};
		D3A8558B2B4250940023607D /* Release */ = {
			isa = XCBuildConfiguration;
			buildSettings = {
				ALWAYS_SEARCH_USER_PATHS = NO;
				CLANG_ANALYZER_NONNULL = YES;
				CLANG_ANALYZER_NUMBER_OBJECT_CONVERSION = YES_AGGRESSIVE;
				CLANG_CXX_LANGUAGE_STANDARD = "gnu++17";
				CLANG_CXX_LIBRARY = "libc++";
				CLANG_ENABLE_MODULES = YES;
				CLANG_ENABLE_OBJC_ARC = YES;
				CLANG_ENABLE_OBJC_WEAK = YES;
				CLANG_WARN_BLOCK_CAPTURE_AUTORELEASING = YES;
				CLANG_WARN_BOOL_CONVERSION = YES;
				CLANG_WARN_COMMA = YES;
				CLANG_WARN_CONSTANT_CONVERSION = YES;
				CLANG_WARN_DEPRECATED_OBJC_IMPLEMENTATIONS = YES;
				CLANG_WARN_DIRECT_OBJC_ISA_USAGE = YES_ERROR;
				CLANG_WARN_DOCUMENTATION_COMMENTS = YES;
				CLANG_WARN_EMPTY_BODY = YES;
				CLANG_WARN_ENUM_CONVERSION = YES;
				CLANG_WARN_INFINITE_RECURSION = YES;
				CLANG_WARN_INT_CONVERSION = YES;
				CLANG_WARN_NON_LITERAL_NULL_CONVERSION = YES;
				CLANG_WARN_OBJC_IMPLICIT_RETAIN_SELF = YES;
				CLANG_WARN_OBJC_LITERAL_CONVERSION = YES;
				CLANG_WARN_OBJC_ROOT_CLASS = YES_ERROR;
				CLANG_WARN_QUOTED_INCLUDE_IN_FRAMEWORK_HEADER = YES;
				CLANG_WARN_RANGE_LOOP_ANALYSIS = YES;
				CLANG_WARN_STRICT_PROTOTYPES = YES;
				CLANG_WARN_SUSPICIOUS_MOVE = YES;
				CLANG_WARN_UNGUARDED_AVAILABILITY = YES_AGGRESSIVE;
				CLANG_WARN_UNREACHABLE_CODE = YES;
				CLANG_WARN__DUPLICATE_METHOD_MATCH = YES;
				COPY_PHASE_STRIP = NO;
				DEBUG_INFORMATION_FORMAT = "dwarf-with-dsym";
				ENABLE_NS_ASSERTIONS = NO;
				ENABLE_STRICT_OBJC_MSGSEND = YES;
				GCC_C_LANGUAGE_STANDARD = gnu11;
				GCC_NO_COMMON_BLOCKS = YES;
				GCC_WARN_64_TO_32_BIT_CONVERSION = YES;
				GCC_WARN_ABOUT_RETURN_TYPE = YES_ERROR;
				GCC_WARN_UNDECLARED_SELECTOR = YES;
				GCC_WARN_UNINITIALIZED_AUTOS = YES_AGGRESSIVE;
				GCC_WARN_UNUSED_FUNCTION = YES;
				GCC_WARN_UNUSED_VARIABLE = YES;
				IPHONEOS_DEPLOYMENT_TARGET = 15.0;
				MTL_ENABLE_DEBUG_INFO = NO;
				MTL_FAST_MATH = YES;
				SDKROOT = iphoneos;
				SWIFT_COMPILATION_MODE = wholemodule;
				SWIFT_OPTIMIZATION_LEVEL = "-O";
				VALIDATE_PRODUCT = YES;
			};
			name = Release;
		};
		D3A8558D2B4250940023607D /* Debug */ = {
			isa = XCBuildConfiguration;
			buildSettings = {
				ASSETCATALOG_COMPILER_APPICON_NAME = AppIcon;
				ASSETCATALOG_COMPILER_GLOBAL_ACCENT_COLOR_NAME = AccentColor;
				CODE_SIGN_STYLE = Automatic;
				CURRENT_PROJECT_VERSION = 1;
				GENERATE_INFOPLIST_FILE = YES;
				INFOPLIST_FILE = Game/Info.plist;
				INFOPLIST_KEY_UIApplicationSupportsIndirectInputEvents = YES;
				INFOPLIST_KEY_UILaunchStoryboardName = LaunchScreen;
				INFOPLIST_KEY_UIMainStoryboardFile = Main;
				INFOPLIST_KEY_UISupportedInterfaceOrientations_iPad = "UIInterfaceOrientationPortrait UIInterfaceOrientationPortraitUpsideDown UIInterfaceOrientationLandscapeLeft UIInterfaceOrientationLandscapeRight";
				INFOPLIST_KEY_UISupportedInterfaceOrientations_iPhone = "UIInterfaceOrientationPortrait UIInterfaceOrientationLandscapeLeft UIInterfaceOrientationLandscapeRight";
				LD_RUNPATH_SEARCH_PATHS = (
					"$(inherited)",
					"@executable_path/Frameworks",
				);
				MARKETING_VERSION = 1.0;
				PRODUCT_BUNDLE_IDENTIFIER = "-234.Game";
				PRODUCT_NAME = "$(TARGET_NAME)";
				SWIFT_EMIT_LOC_STRINGS = YES;
				SWIFT_VERSION = 5.0;
				TARGETED_DEVICE_FAMILY = "1,2";
			};
			name = Debug;
		};
		D3A8558E2B4250940023607D /* Release */ = {
			isa = XCBuildConfiguration;
			buildSettings = {
				ASSETCATALOG_COMPILER_APPICON_NAME = AppIcon;
				ASSETCATALOG_COMPILER_GLOBAL_ACCENT_COLOR_NAME = AccentColor;
				CODE_SIGN_STYLE = Automatic;
				CURRENT_PROJECT_VERSION = 1;
				GENERATE_INFOPLIST_FILE = YES;
				INFOPLIST_FILE = Game/Info.plist;
				INFOPLIST_KEY_UIApplicationSupportsIndirectInputEvents = YES;
				INFOPLIST_KEY_UILaunchStoryboardName = LaunchScreen;
				INFOPLIST_KEY_UIMainStoryboardFile = Main;
				INFOPLIST_KEY_UISupportedInterfaceOrientations_iPad = "UIInterfaceOrientationPortrait UIInterfaceOrientationPortraitUpsideDown UIInterfaceOrientationLandscapeLeft UIInterfaceOrientationLandscapeRight";
				INFOPLIST_KEY_UISupportedInterfaceOrientations_iPhone = "UIInterfaceOrientationPortrait UIInterfaceOrientationLandscapeLeft UIInterfaceOrientationLandscapeRight";
				LD_RUNPATH_SEARCH_PATHS = (
					"$(inherited)",
					"@executable_path/Frameworks",
				);
				MARKETING_VERSION = 1.0;
				PRODUCT_BUNDLE_IDENTIFIER = "-234.Game";
				PRODUCT_NAME = "$(TARGET_NAME)";
				SWIFT_EMIT_LOC_STRINGS = YES;
				SWIFT_VERSION = 5.0;
				TARGETED_DEVICE_FAMILY = "1,2";
			};
			name = Release;
		};
/* End XCBuildConfiguration section */

/* Begin XCConfigurationList section */
		D3A855732B4250930023607D /* Build configuration list for PBXProject "Game" */ = {
			isa = XCConfigurationList;
			buildConfigurations = (
				D3A8558A2B4250940023607D /* Debug */,
				D3A8558B2B4250940023607D /* Release */,
			);
			defaultConfigurationIsVisible = 0;
			defaultConfigurationName = Release;
		};
		D3A8558C2B4250940023607D /* Build configuration list for PBXNativeTarget "Game" */ = {
			isa = XCConfigurationList;
			buildConfigurations = (
				D3A8558D2B4250940023607D /* Debug */,
				D3A8558E2B4250940023607D /* Release */,
			);
			defaultConfigurationIsVisible = 0;
			defaultConfigurationName = Release;
		};
/* End XCConfigurationList section */
	};
	rootObject = D3A855702B4250930023607D /* Project object */;
}
